
Microsoft Visual Studio Solution File, Format Version 12.00
# Visual Studio Version 16
VisualStudioVersion = 16.0.29519.181
MinimumVisualStudioVersion = 10.0.40219.1
Project("{8BC9CEB8-8B4A-11D0-8D11-00A0C91BC942}") = "LoginSystem1", "LoginSystem1\LoginSystem1.vcxproj", "{91CC38B3-447D-4ED3-8821-D70C1929E97A}"
EndProject
Global
	GlobalSection(SolutionConfigurationPlatforms) = preSolution
		Debug|x64 = Debug|x64
		Debug|x86 = Debug|x86
		Release|x64 = Release|x64
		Release|x86 = Release|x86
	EndGlobalSection
	GlobalSection(ProjectConfigurationPlatforms) = postSolution
		{91CC38B3-447D-4ED3-8821-D70C1929E97A}.Debug|x64.ActiveCfg = Debug|x64
		{91CC38B3-447D-4ED3-8821-D70C1929E97A}.Debug|x64.Build.0 = Debug|x64
		{91CC38B3-447D-4ED3-8821-D70C1929E97A}.Debug|x86.ActiveCfg = Debug|Win32
		{91CC38B3-447D-4ED3-8821-D70C1929E97A}.Debug|x86.Build.0 = Debug|Win32
		{91CC38B3-447D-4ED3-8821-D70C1929E97A}.Release|x64.ActiveCfg = Release|x64
		{91CC38B3-447D-4ED3-8821-D70C1929E97A}.Release|x64.Build.0 = Release|x64
		{91CC38B3-447D-4ED3-8821-D70C1929E97A}.Release|x86.ActiveCfg = Release|Win32
		{91CC38B3-447D-4ED3-8821-D70C1929E97A}.Release|x86.Build.0 = Release|Win32
	EndGlobalSection
	GlobalSection(SolutionProperties) = preSolution
		HideSolutionNode = FALSE
	EndGlobalSection
	GlobalSection(ExtensibilityGlobals) = postSolution
		SolutionGuid = {5F2B8737-58D7-4CCB-8607-5C6B8EBCD1AA}
	EndGlobalSection
EndGlobal
